
Microsoft Visual Studio Solution File, Format Version 12.00
# Visual Studio Version 17
VisualStudioVersion = 17.0.32112.339
MinimumVisualStudioVersion = 10.0.40219.1
Project("{FAE04EC0-301F-11D3-BF4B-00C04F79EFBC}") = "KarşıAtak", "KarşıAtak\KarşıAtak.csproj", "{CD82F3B7-B726-40BB-9DF7-5BF220EA1463}"
EndProject
Global
	GlobalSection(SolutionConfigurationPlatforms) = preSolution
		Debug|Any CPU = Debug|Any CPU
		Release|Any CPU = Release|Any CPU
	EndGlobalSection
	GlobalSection(ProjectConfigurationPlatforms) = postSolution
		{CD82F3B7-B726-40BB-9DF7-5BF220EA1463}.Debug|Any CPU.ActiveCfg = Debug|Any CPU
		{CD82F3B7-B726-40BB-9DF7-5BF220EA1463}.Debug|Any CPU.Build.0 = Debug|Any CPU
		{CD82F3B7-B726-40BB-9DF7-5BF220EA1463}.Release|Any CPU.ActiveCfg = Release|Any CPU
		{CD82F3B7-B726-40BB-9DF7-5BF220EA1463}.Release|Any CPU.Build.0 = Release|Any CPU
	EndGlobalSection
	GlobalSection(SolutionProperties) = preSolution
		HideSolutionNode = FALSE
	EndGlobalSection
	GlobalSection(ExtensibilityGlobals) = postSolution
		SolutionGuid = {6128FB44-5AF2-4C72-9D2A-ED3FAB77B872}
	EndGlobalSection
EndGlobal
